// !$*UTF8*$!
{
	archiveVersion = 1;
	classes = {
	};
	objectVersion = 50;
	objects = {

/* Begin PBXBuildFile section */
		5200227A2474E3A6009A0517 /* ZZAnalyticsUser.h in Headers */ = {isa = PBXBuildFile; fileRef = 520022782474E3A6009A0517 /* ZZAnalyticsUser.h */; };
		5200227B2474E3A6009A0517 /* ZZAnalyticsUser.m in Sources */ = {isa = PBXBuildFile; fileRef = 520022792474E3A6009A0517 /* ZZAnalyticsUser.m */; };
		52315E3924725CE7001DB71A /* AppDelegate.m in Sources */ = {isa = PBXBuildFile; fileRef = 52315E3824725CE7001DB71A /* AppDelegate.m */; };
		52315E3C24725CE7001DB71A /* SceneDelegate.m in Sources */ = {isa = PBXBuildFile; fileRef = 52315E3B24725CE7001DB71A /* SceneDelegate.m */; };
		52315E3F24725CE7001DB71A /* ViewController.mm in Sources */ = {isa = PBXBuildFile; fileRef = 52315E3E24725CE7001DB71A /* ViewController.mm */; };
		52315E4224725CE7001DB71A /* Main.storyboard in Resources */ = {isa = PBXBuildFile; fileRef = 52315E4024725CE7001DB71A /* Main.storyboard */; };
		52315E4424725CE7001DB71A /* Assets.xcassets in Resources */ = {isa = PBXBuildFile; fileRef = 52315E4324725CE7001DB71A /* Assets.xcassets */; };
		52315E4724725CE7001DB71A /* LaunchScreen.storyboard in Resources */ = {isa = PBXBuildFile; fileRef = 52315E4524725CE7001DB71A /* LaunchScreen.storyboard */; };
		52315E4A24725CE7001DB71A /* main.m in Sources */ = {isa = PBXBuildFile; fileRef = 52315E4924725CE7001DB71A /* main.m */; };
		52315E5924725CFE001DB71A /* AnalyticsSDK.h in Headers */ = {isa = PBXBuildFile; fileRef = 52315E5724725CFE001DB71A /* AnalyticsSDK.h */; settings = {ATTRIBUTES = (Public, ); }; };
		52315E5C24725CFE001DB71A /* AnalyticsSDK.framework in Frameworks */ = {isa = PBXBuildFile; fileRef = 52315E5524725CFE001DB71A /* AnalyticsSDK.framework */; };
		52315E5D24725CFE001DB71A /* AnalyticsSDK.framework in Embed Frameworks */ = {isa = PBXBuildFile; fileRef = 52315E5524725CFE001DB71A /* AnalyticsSDK.framework */; settings = {ATTRIBUTES = (CodeSignOnCopy, RemoveHeadersOnCopy, ); }; };
		52315E9A24725DAA001DB71A /* AnalyticsSDK-Prefix.pch in Headers */ = {isa = PBXBuildFile; fileRef = 52315E6224725DAA001DB71A /* AnalyticsSDK-Prefix.pch */; };
		52315EA324725DAA001DB71A /* AnalyticsSDK.mm in Sources */ = {isa = PBXBuildFile; fileRef = 52315E6D24725DAA001DB71A /* AnalyticsSDK.mm */; };
		52315EA624725DAA001DB71A /* ZZReachability.h in Headers */ = {isa = PBXBuildFile; fileRef = 52315E7124725DAA001DB71A /* ZZReachability.h */; };
		52315EA924725DAA001DB71A /* ZZReachability.m in Sources */ = {isa = PBXBuildFile; fileRef = 52315E7424725DAA001DB71A /* ZZReachability.m */; };
		52315EB724725DAA001DB71A /* ZZConstant.h in Headers */ = {isa = PBXBuildFile; fileRef = 52315E8524725DAA001DB71A /* ZZConstant.h */; };
		52315EB824725DAA001DB71A /* ZZAutoCodingObject.h in Headers */ = {isa = PBXBuildFile; fileRef = 52315E8624725DAA001DB71A /* ZZAutoCodingObject.h */; };
		52315EB924725DAA001DB71A /* ZZBaseObject.m in Sources */ = {isa = PBXBuildFile; fileRef = 52315E8724725DAA001DB71A /* ZZBaseObject.m */; };
		52315EBA24725DAA001DB71A /* ZZCache.h in Headers */ = {isa = PBXBuildFile; fileRef = 52315E8824725DAA001DB71A /* ZZCache.h */; };
		52315EBB24725DAA001DB71A /* ZZBaseHelper.h in Headers */ = {isa = PBXBuildFile; fileRef = 52315E8924725DAA001DB71A /* ZZBaseHelper.h */; };
		52315EBD24725DAA001DB71A /* ZZEnums.h in Headers */ = {isa = PBXBuildFile; fileRef = 52315E8B24725DAA001DB71A /* ZZEnums.h */; };
		52315EBF24725DAA001DB71A /* ZZConstant.m in Sources */ = {isa = PBXBuildFile; fileRef = 52315E8D24725DAA001DB71A /* ZZConstant.m */; };
		52315EC024725DAA001DB71A /* ZZCache.m in Sources */ = {isa = PBXBuildFile; fileRef = 52315E8E24725DAA001DB71A /* ZZCache.m */; };
		52315EC124725DAA001DB71A /* ZZAutoCodingObject.m in Sources */ = {isa = PBXBuildFile; fileRef = 52315E8F24725DAA001DB71A /* ZZAutoCodingObject.m */; };
		52315EC224725DAA001DB71A /* ZZBaseObject.h in Headers */ = {isa = PBXBuildFile; fileRef = 52315E9024725DAA001DB71A /* ZZBaseObject.h */; };
		52315EC424725DAA001DB71A /* ZZBaseHelper.m in Sources */ = {isa = PBXBuildFile; fileRef = 52315E9224725DAA001DB71A /* ZZBaseHelper.m */; };
		523719AF24737B6F0072B556 /* ZZBodyHelper.h in Headers */ = {isa = PBXBuildFile; fileRef = 523719AD24737B6F0072B556 /* ZZBodyHelper.h */; };
		523719B024737B6F0072B556 /* ZZBodyHelper.m in Sources */ = {isa = PBXBuildFile; fileRef = 523719AE24737B6F0072B556 /* ZZBodyHelper.m */; };
		523719D52473CFBD0072B556 /* SAMKeychain.bundle in Resources */ = {isa = PBXBuildFile; fileRef = 523719C42473CFBD0072B556 /* SAMKeychain.bundle */; };
		523719D82473CFBD0072B556 /* SAMKeychainQuery.m in Sources */ = {isa = PBXBuildFile; fileRef = 523719C82473CFBD0072B556 /* SAMKeychainQuery.m */; };
		523719D92473CFBD0072B556 /* SAMKeychain.h in Headers */ = {isa = PBXBuildFile; fileRef = 523719C92473CFBD0072B556 /* SAMKeychain.h */; };
		523719DC2473CFBD0072B556 /* SAMKeychainQuery.h in Headers */ = {isa = PBXBuildFile; fileRef = 523719CC2473CFBD0072B556 /* SAMKeychainQuery.h */; };
		523719DD2473CFBD0072B556 /* SAMKeychain.m in Sources */ = {isa = PBXBuildFile; fileRef = 523719CD2473CFBD0072B556 /* SAMKeychain.m */; };
		523719E12473CFCA0072B556 /* TPDeviceHelper.h in Headers */ = {isa = PBXBuildFile; fileRef = 523719DF2473CFCA0072B556 /* TPDeviceHelper.h */; };
		523719E22473CFCA0072B556 /* TPDeviceHelper.m in Sources */ = {isa = PBXBuildFile; fileRef = 523719E02473CFCA0072B556 /* TPDeviceHelper.m */; };
		523719E52473DFC60072B556 /* NSDictionary+Log.h in Headers */ = {isa = PBXBuildFile; fileRef = 523719E32473DFC60072B556 /* NSDictionary+Log.h */; };
		523719E62473DFC60072B556 /* NSDictionary+Log.m in Sources */ = {isa = PBXBuildFile; fileRef = 523719E42473DFC60072B556 /* NSDictionary+Log.m */; };
		523719E92473E36C0072B556 /* NSString+AES.h in Headers */ = {isa = PBXBuildFile; fileRef = 523719E72473E36C0072B556 /* NSString+AES.h */; };
		523719EA2473E36C0072B556 /* NSString+AES.m in Sources */ = {isa = PBXBuildFile; fileRef = 523719E82473E36C0072B556 /* NSString+AES.m */; };
		523719ED2473E9A90072B556 /* ZZNetwork.h in Headers */ = {isa = PBXBuildFile; fileRef = 523719EB2473E9A90072B556 /* ZZNetwork.h */; };
		523719EE2473E9A90072B556 /* ZZNetwork.m in Sources */ = {isa = PBXBuildFile; fileRef = 523719EC2473E9A90072B556 /* ZZNetwork.m */; };
		52C21F0D247FF8BF0049240B /* ZZDBHelper.h in Headers */ = {isa = PBXBuildFile; fileRef = 52C21F09247FF8BF0049240B /* ZZDBHelper.h */; };
		52C21F0E247FF8BF0049240B /* ZZDBModel.h in Headers */ = {isa = PBXBuildFile; fileRef = 52C21F0A247FF8BF0049240B /* ZZDBModel.h */; };
		52C21F0F247FF8BF0049240B /* ZZDBHelper.mm in Sources */ = {isa = PBXBuildFile; fileRef = 52C21F0B247FF8BF0049240B /* ZZDBHelper.mm */; };
		52C21F10247FF8BF0049240B /* ZZDBModel.mm in Sources */ = {isa = PBXBuildFile; fileRef = 52C21F0C247FF8BF0049240B /* ZZDBModel.mm */; };
		52EB6D78247681D00011F97C /* ZZAnalyticsBase.h in Headers */ = {isa = PBXBuildFile; fileRef = 52EB6D76247681D00011F97C /* ZZAnalyticsBase.h */; };
		52EB6D79247681D00011F97C /* ZZAnalyticsBase.m in Sources */ = {isa = PBXBuildFile; fileRef = 52EB6D77247681D00011F97C /* ZZAnalyticsBase.m */; };
		BF46AAF3E0CCFEBF17493422 /* libPods-AnalyticsSDKDemo.a in Frameworks */ = {isa = PBXBuildFile; fileRef = DE8606DA53AB285E00321756 /* libPods-AnalyticsSDKDemo.a */; };
		D41705D8C95133001F39C1A2 /* libPods-AnalyticsSDK.a in Frameworks */ = {isa = PBXBuildFile; fileRef = EFE181EE46E8A9D38393C373 /* libPods-AnalyticsSDK.a */; };
/* End PBXBuildFile section */

/* Begin PBXContainerItemProxy section */
		52315E5A24725CFE001DB71A /* PBXContainerItemProxy */ = {
			isa = PBXContainerItemProxy;
			containerPortal = 52315E2C24725CE6001DB71A /* Project object */;
			proxyType = 1;
			remoteGlobalIDString = 52315E5424725CFE001DB71A;
			remoteInfo = AnalyticsSDK;
		};
/* End PBXContainerItemProxy section */

/* Begin PBXCopyFilesBuildPhase section */
		52315E5E24725CFE001DB71A /* Embed Frameworks */ = {
			isa = PBXCopyFilesBuildPhase;
			buildActionMask = 2147483647;
			dstPath = "";
			dstSubfolderSpec = 10;
			files = (
				52315E5D24725CFE001DB71A /* AnalyticsSDK.framework in Embed Frameworks */,
			);
			name = "Embed Frameworks";
			runOnlyForDeploymentPostprocessing = 0;
		};
/* End PBXCopyFilesBuildPhase section */

/* Begin PBXFileReference section */
		0BC31DEE6D1B25C457FDA025 /* Pods-AnalyticsSDK.release.xcconfig */ = {isa = PBXFileReference; includeInIndex = 1; lastKnownFileType = text.xcconfig; name = "Pods-AnalyticsSDK.release.xcconfig"; path = "Pods/Target Support Files/Pods-AnalyticsSDK/Pods-AnalyticsSDK.release.xcconfig"; sourceTree = "<group>"; };
		3C7C64B823D3A944A8CA6A35 /* Pods-AnalyticsSDK.debug.xcconfig */ = {isa = PBXFileReference; includeInIndex = 1; lastKnownFileType = text.xcconfig; name = "Pods-AnalyticsSDK.debug.xcconfig"; path = "Pods/Target Support Files/Pods-AnalyticsSDK/Pods-AnalyticsSDK.debug.xcconfig"; sourceTree = "<group>"; };
		520022782474E3A6009A0517 /* ZZAnalyticsUser.h */ = {isa = PBXFileReference; lastKnownFileType = sourcecode.c.h; path = ZZAnalyticsUser.h; sourceTree = "<group>"; };
		520022792474E3A6009A0517 /* ZZAnalyticsUser.m */ = {isa = PBXFileReference; lastKnownFileType = sourcecode.c.objc; path = ZZAnalyticsUser.m; sourceTree = "<group>"; };
		52315E3424725CE7001DB71A /* AnalyticsSDKDemo.app */ = {isa = PBXFileReference; explicitFileType = wrapper.application; includeInIndex = 0; path = AnalyticsSDKDemo.app; sourceTree = BUILT_PRODUCTS_DIR; };
		52315E3724725CE7001DB71A /* AppDelegate.h */ = {isa = PBXFileReference; lastKnownFileType = sourcecode.c.h; path = AppDelegate.h; sourceTree = "<group>"; };
		52315E3824725CE7001DB71A /* AppDelegate.m */ = {isa = PBXFileReference; lastKnownFileType = sourcecode.c.objc; path = AppDelegate.m; sourceTree = "<group>"; };
		52315E3A24725CE7001DB71A /* SceneDelegate.h */ = {isa = PBXFileReference; lastKnownFileType = sourcecode.c.h; path = SceneDelegate.h; sourceTree = "<group>"; };
		52315E3B24725CE7001DB71A /* SceneDelegate.m */ = {isa = PBXFileReference; lastKnownFileType = sourcecode.c.objc; path = SceneDelegate.m; sourceTree = "<group>"; };
		52315E3D24725CE7001DB71A /* ViewController.h */ = {isa = PBXFileReference; lastKnownFileType = sourcecode.c.h; path = ViewController.h; sourceTree = "<group>"; };
		52315E3E24725CE7001DB71A /* ViewController.mm */ = {isa = PBXFileReference; lastKnownFileType = sourcecode.cpp.objcpp; path = ViewController.mm; sourceTree = "<group>"; };
		52315E4124725CE7001DB71A /* Base */ = {isa = PBXFileReference; lastKnownFileType = file.storyboard; name = Base; path = Base.lproj/Main.storyboard; sourceTree = "<group>"; };
		52315E4324725CE7001DB71A /* Assets.xcassets */ = {isa = PBXFileReference; lastKnownFileType = folder.assetcatalog; path = Assets.xcassets; sourceTree = "<group>"; };
		52315E4624725CE7001DB71A /* Base */ = {isa = PBXFileReference; lastKnownFileType = file.storyboard; name = Base; path = Base.lproj/LaunchScreen.storyboard; sourceTree = "<group>"; };
		52315E4824725CE7001DB71A /* Info.plist */ = {isa = PBXFileReference; lastKnownFileType = text.plist.xml; path = Info.plist; sourceTree = "<group>"; };
		52315E4924725CE7001DB71A /* main.m */ = {isa = PBXFileReference; lastKnownFileType = sourcecode.c.objc; path = main.m; sourceTree = "<group>"; };
		52315E5524725CFE001DB71A /* AnalyticsSDK.framework */ = {isa = PBXFileReference; explicitFileType = wrapper.framework; includeInIndex = 0; path = AnalyticsSDK.framework; sourceTree = BUILT_PRODUCTS_DIR; };
		52315E5724725CFE001DB71A /* AnalyticsSDK.h */ = {isa = PBXFileReference; lastKnownFileType = sourcecode.c.h; path = AnalyticsSDK.h; sourceTree = "<group>"; };
		52315E5824725CFE001DB71A /* Info.plist */ = {isa = PBXFileReference; lastKnownFileType = text.plist.xml; path = Info.plist; sourceTree = "<group>"; };
		52315E6224725DAA001DB71A /* AnalyticsSDK-Prefix.pch */ = {isa = PBXFileReference; fileEncoding = 4; lastKnownFileType = sourcecode.c.h; path = "AnalyticsSDK-Prefix.pch"; sourceTree = "<group>"; };
		52315E6D24725DAA001DB71A /* AnalyticsSDK.mm */ = {isa = PBXFileReference; fileEncoding = 4; lastKnownFileType = sourcecode.cpp.objcpp; path = AnalyticsSDK.mm; sourceTree = "<group>"; };
		52315E7124725DAA001DB71A /* ZZReachability.h */ = {isa = PBXFileReference; fileEncoding = 4; lastKnownFileType = sourcecode.c.h; path = ZZReachability.h; sourceTree = "<group>"; };
		52315E7424725DAA001DB71A /* ZZReachability.m */ = {isa = PBXFileReference; fileEncoding = 4; lastKnownFileType = sourcecode.c.objc; path = ZZReachability.m; sourceTree = "<group>"; };
		52315E8524725DAA001DB71A /* ZZConstant.h */ = {isa = PBXFileReference; fileEncoding = 4; lastKnownFileType = sourcecode.c.h; path = ZZConstant.h; sourceTree = "<group>"; };
		52315E8624725DAA001DB71A /* ZZAutoCodingObject.h */ = {isa = PBXFileReference; fileEncoding = 4; lastKnownFileType = sourcecode.c.h; path = ZZAutoCodingObject.h; sourceTree = "<group>"; };
		52315E8724725DAA001DB71A /* ZZBaseObject.m */ = {isa = PBXFileReference; fileEncoding = 4; lastKnownFileType = sourcecode.c.objc; path = ZZBaseObject.m; sourceTree = "<group>"; };
		52315E8824725DAA001DB71A /* ZZCache.h */ = {isa = PBXFileReference; fileEncoding = 4; lastKnownFileType = sourcecode.c.h; path = ZZCache.h; sourceTree = "<group>"; };
		52315E8924725DAA001DB71A /* ZZBaseHelper.h */ = {isa = PBXFileReference; fileEncoding = 4; lastKnownFileType = sourcecode.c.h; path = ZZBaseHelper.h; sourceTree = "<group>"; };
		52315E8B24725DAA001DB71A /* ZZEnums.h */ = {isa = PBXFileReference; fileEncoding = 4; lastKnownFileType = sourcecode.c.h; path = ZZEnums.h; sourceTree = "<group>"; };
		52315E8D24725DAA001DB71A /* ZZConstant.m */ = {isa = PBXFileReference; fileEncoding = 4; lastKnownFileType = sourcecode.c.objc; path = ZZConstant.m; sourceTree = "<group>"; };
		52315E8E24725DAA001DB71A /* ZZCache.m */ = {isa = PBXFileReference; fileEncoding = 4; lastKnownFileType = sourcecode.c.objc; path = ZZCache.m; sourceTree = "<group>"; };
		52315E8F24725DAA001DB71A /* ZZAutoCodingObject.m */ = {isa = PBXFileReference; fileEncoding = 4; lastKnownFileType = sourcecode.c.objc; path = ZZAutoCodingObject.m; sourceTree = "<group>"; };
		52315E9024725DAA001DB71A /* ZZBaseObject.h */ = {isa = PBXFileReference; fileEncoding = 4; lastKnownFileType = sourcecode.c.h; path = ZZBaseObject.h; sourceTree = "<group>"; };
		52315E9224725DAA001DB71A /* ZZBaseHelper.m */ = {isa = PBXFileReference; fileEncoding = 4; lastKnownFileType = sourcecode.c.objc; path = ZZBaseHelper.m; sourceTree = "<group>"; };
		523719AD24737B6F0072B556 /* ZZBodyHelper.h */ = {isa = PBXFileReference; lastKnownFileType = sourcecode.c.h; path = ZZBodyHelper.h; sourceTree = "<group>"; };
		523719AE24737B6F0072B556 /* ZZBodyHelper.m */ = {isa = PBXFileReference; lastKnownFileType = sourcecode.c.objc; path = ZZBodyHelper.m; sourceTree = "<group>"; };
		523719C42473CFBD0072B556 /* SAMKeychain.bundle */ = {isa = PBXFileReference; lastKnownFileType = "wrapper.plug-in"; path = SAMKeychain.bundle; sourceTree = "<group>"; };
		523719C82473CFBD0072B556 /* SAMKeychainQuery.m */ = {isa = PBXFileReference; fileEncoding = 4; lastKnownFileType = sourcecode.c.objc; path = SAMKeychainQuery.m; sourceTree = "<group>"; };
		523719C92473CFBD0072B556 /* SAMKeychain.h */ = {isa = PBXFileReference; fileEncoding = 4; lastKnownFileType = sourcecode.c.h; path = SAMKeychain.h; sourceTree = "<group>"; };
		523719CC2473CFBD0072B556 /* SAMKeychainQuery.h */ = {isa = PBXFileReference; fileEncoding = 4; lastKnownFileType = sourcecode.c.h; path = SAMKeychainQuery.h; sourceTree = "<group>"; };
		523719CD2473CFBD0072B556 /* SAMKeychain.m */ = {isa = PBXFileReference; fileEncoding = 4; lastKnownFileType = sourcecode.c.objc; path = SAMKeychain.m; sourceTree = "<group>"; };
		523719DF2473CFCA0072B556 /* TPDeviceHelper.h */ = {isa = PBXFileReference; fileEncoding = 4; lastKnownFileType = sourcecode.c.h; path = TPDeviceHelper.h; sourceTree = "<group>"; };
		523719E02473CFCA0072B556 /* TPDeviceHelper.m */ = {isa = PBXFileReference; fileEncoding = 4; lastKnownFileType = sourcecode.c.objc; path = TPDeviceHelper.m; sourceTree = "<group>"; };
		523719E32473DFC60072B556 /* NSDictionary+Log.h */ = {isa = PBXFileReference; lastKnownFileType = sourcecode.c.h; path = "NSDictionary+Log.h"; sourceTree = "<group>"; };
		523719E42473DFC60072B556 /* NSDictionary+Log.m */ = {isa = PBXFileReference; lastKnownFileType = sourcecode.c.objc; path = "NSDictionary+Log.m"; sourceTree = "<group>"; };
		523719E72473E36C0072B556 /* NSString+AES.h */ = {isa = PBXFileReference; lastKnownFileType = sourcecode.c.h; path = "NSString+AES.h"; sourceTree = "<group>"; };
		523719E82473E36C0072B556 /* NSString+AES.m */ = {isa = PBXFileReference; lastKnownFileType = sourcecode.c.objc; path = "NSString+AES.m"; sourceTree = "<group>"; };
		523719EB2473E9A90072B556 /* ZZNetwork.h */ = {isa = PBXFileReference; lastKnownFileType = sourcecode.c.h; path = ZZNetwork.h; sourceTree = "<group>"; };
		523719EC2473E9A90072B556 /* ZZNetwork.m */ = {isa = PBXFileReference; lastKnownFileType = sourcecode.c.objc; path = ZZNetwork.m; sourceTree = "<group>"; };
		52C21F09247FF8BF0049240B /* ZZDBHelper.h */ = {isa = PBXFileReference; fileEncoding = 4; lastKnownFileType = sourcecode.c.h; path = ZZDBHelper.h; sourceTree = "<group>"; };
		52C21F0A247FF8BF0049240B /* ZZDBModel.h */ = {isa = PBXFileReference; fileEncoding = 4; lastKnownFileType = sourcecode.c.h; path = ZZDBModel.h; sourceTree = "<group>"; };
		52C21F0B247FF8BF0049240B /* ZZDBHelper.mm */ = {isa = PBXFileReference; fileEncoding = 4; lastKnownFileType = sourcecode.cpp.objcpp; path = ZZDBHelper.mm; sourceTree = "<group>"; };
		52C21F0C247FF8BF0049240B /* ZZDBModel.mm */ = {isa = PBXFileReference; fileEncoding = 4; lastKnownFileType = sourcecode.cpp.objcpp; path = ZZDBModel.mm; sourceTree = "<group>"; };
		52EB6D76247681D00011F97C /* ZZAnalyticsBase.h */ = {isa = PBXFileReference; lastKnownFileType = sourcecode.c.h; path = ZZAnalyticsBase.h; sourceTree = "<group>"; };
		52EB6D77247681D00011F97C /* ZZAnalyticsBase.m */ = {isa = PBXFileReference; lastKnownFileType = sourcecode.c.objc; path = ZZAnalyticsBase.m; sourceTree = "<group>"; };
		6EF93C9E0207E9B24B074B4F /* Pods-AnalyticsSDKDemo.release.xcconfig */ = {isa = PBXFileReference; includeInIndex = 1; lastKnownFileType = text.xcconfig; name = "Pods-AnalyticsSDKDemo.release.xcconfig"; path = "Pods/Target Support Files/Pods-AnalyticsSDKDemo/Pods-AnalyticsSDKDemo.release.xcconfig"; sourceTree = "<group>"; };
		BC83DF6EA98426DD4E4D95AF /* Pods-AnalyticsSDKDemo.debug.xcconfig */ = {isa = PBXFileReference; includeInIndex = 1; lastKnownFileType = text.xcconfig; name = "Pods-AnalyticsSDKDemo.debug.xcconfig"; path = "Pods/Target Support Files/Pods-AnalyticsSDKDemo/Pods-AnalyticsSDKDemo.debug.xcconfig"; sourceTree = "<group>"; };
		DE8606DA53AB285E00321756 /* libPods-AnalyticsSDKDemo.a */ = {isa = PBXFileReference; explicitFileType = archive.ar; includeInIndex = 0; path = "libPods-AnalyticsSDKDemo.a"; sourceTree = BUILT_PRODUCTS_DIR; };
		EFE181EE46E8A9D38393C373 /* libPods-AnalyticsSDK.a */ = {isa = PBXFileReference; explicitFileType = archive.ar; includeInIndex = 0; path = "libPods-AnalyticsSDK.a"; sourceTree = BUILT_PRODUCTS_DIR; };
/* End PBXFileReference section */

/* Begin PBXFrameworksBuildPhase section */
		52315E3124725CE7001DB71A /* Frameworks */ = {
			isa = PBXFrameworksBuildPhase;
			buildActionMask = 2147483647;
			files = (
				52315E5C24725CFE001DB71A /* AnalyticsSDK.framework in Frameworks */,
				BF46AAF3E0CCFEBF17493422 /* libPods-AnalyticsSDKDemo.a in Frameworks */,
			);
			runOnlyForDeploymentPostprocessing = 0;
		};
		52315E5224725CFE001DB71A /* Frameworks */ = {
			isa = PBXFrameworksBuildPhase;
			buildActionMask = 2147483647;
			files = (
				D41705D8C95133001F39C1A2 /* libPods-AnalyticsSDK.a in Frameworks */,
			);
			runOnlyForDeploymentPostprocessing = 0;
		};
/* End PBXFrameworksBuildPhase section */

/* Begin PBXGroup section */
		0CF9B26F1AA373F5E441ABFA /* Frameworks */ = {
			isa = PBXGroup;
			children = (
				DE8606DA53AB285E00321756 /* libPods-AnalyticsSDKDemo.a */,
				EFE181EE46E8A9D38393C373 /* libPods-AnalyticsSDK.a */,
			);
			name = Frameworks;
			sourceTree = "<group>";
		};
		2FDBEE59BE4B2CE8AA2DDC76 /* Pods */ = {
			isa = PBXGroup;
			children = (
				BC83DF6EA98426DD4E4D95AF /* Pods-AnalyticsSDKDemo.debug.xcconfig */,
				6EF93C9E0207E9B24B074B4F /* Pods-AnalyticsSDKDemo.release.xcconfig */,
				3C7C64B823D3A944A8CA6A35 /* Pods-AnalyticsSDK.debug.xcconfig */,
				0BC31DEE6D1B25C457FDA025 /* Pods-AnalyticsSDK.release.xcconfig */,
			);
			name = Pods;
			sourceTree = "<group>";
		};
		52315E2B24725CE6001DB71A = {
			isa = PBXGroup;
			children = (
				52315E3624725CE7001DB71A /* AnalyticsSDKDemo */,
				52315E5624725CFE001DB71A /* AnalyticsSDK */,
				52315E3524725CE7001DB71A /* Products */,
				2FDBEE59BE4B2CE8AA2DDC76 /* Pods */,
				0CF9B26F1AA373F5E441ABFA /* Frameworks */,
			);
			sourceTree = "<group>";
		};
		52315E3524725CE7001DB71A /* Products */ = {
			isa = PBXGroup;
			children = (
				52315E3424725CE7001DB71A /* AnalyticsSDKDemo.app */,
				52315E5524725CFE001DB71A /* AnalyticsSDK.framework */,
			);
			name = Products;
			sourceTree = "<group>";
		};
		52315E3624725CE7001DB71A /* AnalyticsSDKDemo */ = {
			isa = PBXGroup;
			children = (
				52C21EF5247FC6700049240B /* lib */,
				52315E3724725CE7001DB71A /* AppDelegate.h */,
				52315E3824725CE7001DB71A /* AppDelegate.m */,
				52315E3A24725CE7001DB71A /* SceneDelegate.h */,
				52315E3B24725CE7001DB71A /* SceneDelegate.m */,
				52315E3D24725CE7001DB71A /* ViewController.h */,
				52315E3E24725CE7001DB71A /* ViewController.mm */,
				52315E4024725CE7001DB71A /* Main.storyboard */,
				52315E4324725CE7001DB71A /* Assets.xcassets */,
				52315E4524725CE7001DB71A /* LaunchScreen.storyboard */,
				52315E4824725CE7001DB71A /* Info.plist */,
				52315E4924725CE7001DB71A /* main.m */,
			);
			path = AnalyticsSDKDemo;
			sourceTree = "<group>";
		};
		52315E5624725CFE001DB71A /* AnalyticsSDK */ = {
			isa = PBXGroup;
			children = (
				52315E6224725DAA001DB71A /* AnalyticsSDK-Prefix.pch */,
				52315E6324725DAA001DB71A /* Classes */,
				52315E5724725CFE001DB71A /* AnalyticsSDK.h */,
				52315E5824725CFE001DB71A /* Info.plist */,
			);
			path = AnalyticsSDK;
			sourceTree = "<group>";
		};
		52315E6324725DAA001DB71A /* Classes */ = {
			isa = PBXGroup;
			children = (
				52C21F08247FF8BF0049240B /* db */,
				523719BC2473CFBD0072B556 /* SAMKeychain */,
				52315E6424725DAA001DB71A /* category */,
				52315E6D24725DAA001DB71A /* AnalyticsSDK.mm */,
				52315E6E24725DAA001DB71A /* network */,
				52315E8324725DAA001DB71A /* common */,
				52315E9324725DAA001DB71A /* model */,
			);
			path = Classes;
			sourceTree = "<group>";
		};
		52315E6424725DAA001DB71A /* category */ = {
			isa = PBXGroup;
			children = (
				523719E32473DFC60072B556 /* NSDictionary+Log.h */,
				523719E42473DFC60072B556 /* NSDictionary+Log.m */,
				523719E72473E36C0072B556 /* NSString+AES.h */,
				523719E82473E36C0072B556 /* NSString+AES.m */,
			);
			path = category;
			sourceTree = "<group>";
		};
		52315E6E24725DAA001DB71A /* network */ = {
			isa = PBXGroup;
			children = (
				52315E7124725DAA001DB71A /* ZZReachability.h */,
				52315E7424725DAA001DB71A /* ZZReachability.m */,
				523719AD24737B6F0072B556 /* ZZBodyHelper.h */,
				523719AE24737B6F0072B556 /* ZZBodyHelper.m */,
				523719EB2473E9A90072B556 /* ZZNetwork.h */,
				523719EC2473E9A90072B556 /* ZZNetwork.m */,
				520022782474E3A6009A0517 /* ZZAnalyticsUser.h */,
				520022792474E3A6009A0517 /* ZZAnalyticsUser.m */,
				52EB6D76247681D00011F97C /* ZZAnalyticsBase.h */,
				52EB6D77247681D00011F97C /* ZZAnalyticsBase.m */,
			);
			path = network;
			sourceTree = "<group>";
		};
		52315E8324725DAA001DB71A /* common */ = {
			isa = PBXGroup;
			children = (
				523719DF2473CFCA0072B556 /* TPDeviceHelper.h */,
				523719E02473CFCA0072B556 /* TPDeviceHelper.m */,
				52315E8524725DAA001DB71A /* ZZConstant.h */,
				52315E8624725DAA001DB71A /* ZZAutoCodingObject.h */,
				52315E8724725DAA001DB71A /* ZZBaseObject.m */,
				52315E8824725DAA001DB71A /* ZZCache.h */,
				52315E8924725DAA001DB71A /* ZZBaseHelper.h */,
				52315E8B24725DAA001DB71A /* ZZEnums.h */,
				52315E8D24725DAA001DB71A /* ZZConstant.m */,
				52315E8E24725DAA001DB71A /* ZZCache.m */,
				52315E8F24725DAA001DB71A /* ZZAutoCodingObject.m */,
				52315E9024725DAA001DB71A /* ZZBaseObject.h */,
				52315E9224725DAA001DB71A /* ZZBaseHelper.m */,
			);
			path = common;
			sourceTree = "<group>";
		};
		52315E9324725DAA001DB71A /* model */ = {
			isa = PBXGroup;
			children = (
			);
			path = model;
			sourceTree = "<group>";
		};
		523719BC2473CFBD0072B556 /* SAMKeychain */ = {
			isa = PBXGroup;
			children = (
				523719C22473CFBD0072B556 /* Support */,
				523719C52473CFBD0072B556 /* Sources */,
			);
			path = SAMKeychain;
			sourceTree = "<group>";
		};
		523719C22473CFBD0072B556 /* Support */ = {
			isa = PBXGroup;
			children = (
				523719C42473CFBD0072B556 /* SAMKeychain.bundle */,
			);
			path = Support;
			sourceTree = "<group>";
		};
		523719C52473CFBD0072B556 /* Sources */ = {
			isa = PBXGroup;
			children = (
				523719C82473CFBD0072B556 /* SAMKeychainQuery.m */,
				523719C92473CFBD0072B556 /* SAMKeychain.h */,
				523719CC2473CFBD0072B556 /* SAMKeychainQuery.h */,
				523719CD2473CFBD0072B556 /* SAMKeychain.m */,
			);
			path = Sources;
			sourceTree = "<group>";
		};
		52C21EF5247FC6700049240B /* lib */ = {
			isa = PBXGroup;
			children = (
			);
			path = lib;
			sourceTree = "<group>";
		};
		52C21F08247FF8BF0049240B /* db */ = {
			isa = PBXGroup;
			children = (
				52C21F09247FF8BF0049240B /* ZZDBHelper.h */,
				52C21F0A247FF8BF0049240B /* ZZDBModel.h */,
				52C21F0B247FF8BF0049240B /* ZZDBHelper.mm */,
				52C21F0C247FF8BF0049240B /* ZZDBModel.mm */,
			);
			path = db;
			sourceTree = "<group>";
		};
/* End PBXGroup section */

/* Begin PBXHeadersBuildPhase section */
		52315E5024725CFE001DB71A /* Headers */ = {
			isa = PBXHeadersBuildPhase;
			buildActionMask = 2147483647;
			files = (
				52C21F0E247FF8BF0049240B /* ZZDBModel.h in Headers */,
				5200227A2474E3A6009A0517 /* ZZAnalyticsUser.h in Headers */,
				52315EB724725DAA001DB71A /* ZZConstant.h in Headers */,
				523719ED2473E9A90072B556 /* ZZNetwork.h in Headers */,
				523719E12473CFCA0072B556 /* TPDeviceHelper.h in Headers */,
				52315E5924725CFE001DB71A /* AnalyticsSDK.h in Headers */,
				52C21F0D247FF8BF0049240B /* ZZDBHelper.h in Headers */,
				523719DC2473CFBD0072B556 /* SAMKeychainQuery.h in Headers */,
				523719D92473CFBD0072B556 /* SAMKeychain.h in Headers */,
				52315E9A24725DAA001DB71A /* AnalyticsSDK-Prefix.pch in Headers */,
				52315EBA24725DAA001DB71A /* ZZCache.h in Headers */,
				52315EC224725DAA001DB71A /* ZZBaseObject.h in Headers */,
				52315EBD24725DAA001DB71A /* ZZEnums.h in Headers */,
				523719E92473E36C0072B556 /* NSString+AES.h in Headers */,
				523719E52473DFC60072B556 /* NSDictionary+Log.h in Headers */,
				523719AF24737B6F0072B556 /* ZZBodyHelper.h in Headers */,
				52EB6D78247681D00011F97C /* ZZAnalyticsBase.h in Headers */,
				52315EBB24725DAA001DB71A /* ZZBaseHelper.h in Headers */,
				52315EB824725DAA001DB71A /* ZZAutoCodingObject.h in Headers */,
				52315EA624725DAA001DB71A /* ZZReachability.h in Headers */,
			);
			runOnlyForDeploymentPostprocessing = 0;
		};
/* End PBXHeadersBuildPhase section */

/* Begin PBXNativeTarget section */
		52315E3324725CE7001DB71A /* AnalyticsSDKDemo */ = {
			isa = PBXNativeTarget;
			buildConfigurationList = 52315E4D24725CE7001DB71A /* Build configuration list for PBXNativeTarget "AnalyticsSDKDemo" */;
			buildPhases = (
				4B979346E2494A78D31EAD57 /* [CP] Check Pods Manifest.lock */,
				52315E3024725CE7001DB71A /* Sources */,
				52315E3124725CE7001DB71A /* Frameworks */,
				52315E3224725CE7001DB71A /* Resources */,
				52315E5E24725CFE001DB71A /* Embed Frameworks */,
			);
			buildRules = (
			);
			dependencies = (
				52315E5B24725CFE001DB71A /* PBXTargetDependency */,
			);
			name = AnalyticsSDKDemo;
			productName = AnalyticsSDKDemo;
			productReference = 52315E3424725CE7001DB71A /* AnalyticsSDKDemo.app */;
			productType = "com.apple.product-type.application";
		};
		52315E5424725CFE001DB71A /* AnalyticsSDK */ = {
			isa = PBXNativeTarget;
			buildConfigurationList = 52315E6124725CFE001DB71A /* Build configuration list for PBXNativeTarget "AnalyticsSDK" */;
			buildPhases = (
				C050DF9E280F110BB6D76A33 /* [CP] Check Pods Manifest.lock */,
				52315E5024725CFE001DB71A /* Headers */,
				52315E5124725CFE001DB71A /* Sources */,
				52315E5224725CFE001DB71A /* Frameworks */,
				52315E5324725CFE001DB71A /* Resources */,
			);
			buildRules = (
			);
			dependencies = (
			);
			name = AnalyticsSDK;
			productName = AnalyticsSDK;
			productReference = 52315E5524725CFE001DB71A /* AnalyticsSDK.framework */;
			productType = "com.apple.product-type.framework";
		};
/* End PBXNativeTarget section */

/* Begin PBXProject section */
		52315E2C24725CE6001DB71A /* Project object */ = {
			isa = PBXProject;
			attributes = {
				LastUpgradeCheck = 1130;
				ORGANIZATIONNAME = zz;
				TargetAttributes = {
					52315E3324725CE7001DB71A = {
						CreatedOnToolsVersion = 11.3.1;
					};
					52315E5424725CFE001DB71A = {
						CreatedOnToolsVersion = 11.3.1;
					};
				};
			};
			buildConfigurationList = 52315E2F24725CE6001DB71A /* Build configuration list for PBXProject "AnalyticsSDKDemo" */;
			compatibilityVersion = "Xcode 9.3";
			developmentRegion = en;
			hasScannedForEncodings = 0;
			knownRegions = (
				en,
				Base,
				"zh-Hans",
			);
			mainGroup = 52315E2B24725CE6001DB71A;
			productRefGroup = 52315E3524725CE7001DB71A /* Products */;
			projectDirPath = "";
			projectRoot = "";
			targets = (
				52315E3324725CE7001DB71A /* AnalyticsSDKDemo */,
				52315E5424725CFE001DB71A /* AnalyticsSDK */,
			);
		};
/* End PBXProject section */

/* Begin PBXResourcesBuildPhase section */
		52315E3224725CE7001DB71A /* Resources */ = {
			isa = PBXResourcesBuildPhase;
			buildActionMask = 2147483647;
			files = (
				52315E4724725CE7001DB71A /* LaunchScreen.storyboard in Resources */,
				52315E4424725CE7001DB71A /* Assets.xcassets in Resources */,
				52315E4224725CE7001DB71A /* Main.storyboard in Resources */,
			);
			runOnlyForDeploymentPostprocessing = 0;
		};
		52315E5324725CFE001DB71A /* Resources */ = {
			isa = PBXResourcesBuildPhase;
			buildActionMask = 2147483647;
			files = (
				523719D52473CFBD0072B556 /* SAMKeychain.bundle in Resources */,
			);
			runOnlyForDeploymentPostprocessing = 0;
		};
/* End PBXResourcesBuildPhase section */

/* Begin PBXShellScriptBuildPhase section */
		4B979346E2494A78D31EAD57 /* [CP] Check Pods Manifest.lock */ = {
			isa = PBXShellScriptBuildPhase;
			buildActionMask = 2147483647;
			files = (
			);
			inputFileListPaths = (
			);
			inputPaths = (
				"${PODS_PODFILE_DIR_PATH}/Podfile.lock",
				"${PODS_ROOT}/Manifest.lock",
			);
			name = "[CP] Check Pods Manifest.lock";
			outputFileListPaths = (
			);
			outputPaths = (
				"$(DERIVED_FILE_DIR)/Pods-AnalyticsSDKDemo-checkManifestLockResult.txt",
			);
			runOnlyForDeploymentPostprocessing = 0;
			shellPath = /bin/sh;
			shellScript = "diff \"${PODS_PODFILE_DIR_PATH}/Podfile.lock\" \"${PODS_ROOT}/Manifest.lock\" > /dev/null\nif [ $? != 0 ] ; then\n    # print error to STDERR\n    echo \"error: The sandbox is not in sync with the Podfile.lock. Run 'pod install' or update your CocoaPods installation.\" >&2\n    exit 1\nfi\n# This output is used by Xcode 'outputs' to avoid re-running this script phase.\necho \"SUCCESS\" > \"${SCRIPT_OUTPUT_FILE_0}\"\n";
			showEnvVarsInLog = 0;
		};
		C050DF9E280F110BB6D76A33 /* [CP] Check Pods Manifest.lock */ = {
			isa = PBXShellScriptBuildPhase;
			buildActionMask = 2147483647;
			files = (
			);
			inputFileListPaths = (
			);
			inputPaths = (
				"${PODS_PODFILE_DIR_PATH}/Podfile.lock",
				"${PODS_ROOT}/Manifest.lock",
			);
			name = "[CP] Check Pods Manifest.lock";
			outputFileListPaths = (
			);
			outputPaths = (
				"$(DERIVED_FILE_DIR)/Pods-AnalyticsSDK-checkManifestLockResult.txt",
			);
			runOnlyForDeploymentPostprocessing = 0;
			shellPath = /bin/sh;
			shellScript = "diff \"${PODS_PODFILE_DIR_PATH}/Podfile.lock\" \"${PODS_ROOT}/Manifest.lock\" > /dev/null\nif [ $? != 0 ] ; then\n    # print error to STDERR\n    echo \"error: The sandbox is not in sync with the Podfile.lock. Run 'pod install' or update your CocoaPods installation.\" >&2\n    exit 1\nfi\n# This output is used by Xcode 'outputs' to avoid re-running this script phase.\necho \"SUCCESS\" > \"${SCRIPT_OUTPUT_FILE_0}\"\n";
			showEnvVarsInLog = 0;
		};
/* End PBXShellScriptBuildPhase section */

/* Begin PBXSourcesBuildPhase section */
		52315E3024725CE7001DB71A /* Sources */ = {
			isa = PBXSourcesBuildPhase;
			buildActionMask = 2147483647;
			files = (
				52315E3F24725CE7001DB71A /* ViewController.mm in Sources */,
				52315E3924725CE7001DB71A /* AppDelegate.m in Sources */,
				52315E4A24725CE7001DB71A /* main.m in Sources */,
				52315E3C24725CE7001DB71A /* SceneDelegate.m in Sources */,
			);
			runOnlyForDeploymentPostprocessing = 0;
		};
		52315E5124725CFE001DB71A /* Sources */ = {
			isa = PBXSourcesBuildPhase;
			buildActionMask = 2147483647;
			files = (
				52EB6D79247681D00011F97C /* ZZAnalyticsBase.m in Sources */,
				52315EBF24725DAA001DB71A /* ZZConstant.m in Sources */,
				52315EA924725DAA001DB71A /* ZZReachability.m in Sources */,
				52C21F0F247FF8BF0049240B /* ZZDBHelper.mm in Sources */,
				5200227B2474E3A6009A0517 /* ZZAnalyticsUser.m in Sources */,
				52315EC424725DAA001DB71A /* ZZBaseHelper.m in Sources */,
				523719E62473DFC60072B556 /* NSDictionary+Log.m in Sources */,
				52315EA324725DAA001DB71A /* AnalyticsSDK.mm in Sources */,
				523719D82473CFBD0072B556 /* SAMKeychainQuery.m in Sources */,
				523719B024737B6F0072B556 /* ZZBodyHelper.m in Sources */,
				523719EE2473E9A90072B556 /* ZZNetwork.m in Sources */,
				523719E22473CFCA0072B556 /* TPDeviceHelper.m in Sources */,
				52315EC024725DAA001DB71A /* ZZCache.m in Sources */,
				523719EA2473E36C0072B556 /* NSString+AES.m in Sources */,
				523719DD2473CFBD0072B556 /* SAMKeychain.m in Sources */,
				52C21F10247FF8BF0049240B /* ZZDBModel.mm in Sources */,
				52315EB924725DAA001DB71A /* ZZBaseObject.m in Sources */,
				52315EC124725DAA001DB71A /* ZZAutoCodingObject.m in Sources */,
			);
			runOnlyForDeploymentPostprocessing = 0;
		};
/* End PBXSourcesBuildPhase section */

/* Begin PBXTargetDependency section */
		52315E5B24725CFE001DB71A /* PBXTargetDependency */ = {
			isa = PBXTargetDependency;
			target = 52315E5424725CFE001DB71A /* AnalyticsSDK */;
			targetProxy = 52315E5A24725CFE001DB71A /* PBXContainerItemProxy */;
		};
/* End PBXTargetDependency section */

/* Begin PBXVariantGroup section */
		52315E4024725CE7001DB71A /* Main.storyboard */ = {
			isa = PBXVariantGroup;
			children = (
				52315E4124725CE7001DB71A /* Base */,
			);
			name = Main.storyboard;
			sourceTree = "<group>";
		};
		52315E4524725CE7001DB71A /* LaunchScreen.storyboard */ = {
			isa = PBXVariantGroup;
			children = (
				52315E4624725CE7001DB71A /* Base */,
			);
			name = LaunchScreen.storyboard;
			sourceTree = "<group>";
		};
/* End PBXVariantGroup section */

/* Begin XCBuildConfiguration section */
		52315E4B24725CE7001DB71A /* Debug */ = {
			isa = XCBuildConfiguration;
			buildSettings = {
				ALWAYS_SEARCH_USER_PATHS = NO;
				CLANG_ANALYZER_NONNULL = YES;
				CLANG_ANALYZER_NUMBER_OBJECT_CONVERSION = YES_AGGRESSIVE;
				CLANG_CXX_LANGUAGE_STANDARD = "gnu++14";
				CLANG_CXX_LIBRARY = "libc++";
				CLANG_ENABLE_MODULES = YES;
				CLANG_ENABLE_OBJC_ARC = YES;
				CLANG_ENABLE_OBJC_WEAK = YES;
				CLANG_WARN_BLOCK_CAPTURE_AUTORELEASING = YES;
				CLANG_WARN_BOOL_CONVERSION = YES;
				CLANG_WARN_COMMA = YES;
				CLANG_WARN_CONSTANT_CONVERSION = YES;
				CLANG_WARN_DEPRECATED_OBJC_IMPLEMENTATIONS = YES;
				CLANG_WARN_DIRECT_OBJC_ISA_USAGE = YES_ERROR;
				CLANG_WARN_DOCUMENTATION_COMMENTS = YES;
				CLANG_WARN_EMPTY_BODY = YES;
				CLANG_WARN_ENUM_CONVERSION = YES;
				CLANG_WARN_INFINITE_RECURSION = YES;
				CLANG_WARN_INT_CONVERSION = YES;
				CLANG_WARN_NON_LITERAL_NULL_CONVERSION = YES;
				CLANG_WARN_OBJC_IMPLICIT_RETAIN_SELF = YES;
				CLANG_WARN_OBJC_LITERAL_CONVERSION = YES;
				CLANG_WARN_OBJC_ROOT_CLASS = YES_ERROR;
				CLANG_WARN_RANGE_LOOP_ANALYSIS = YES;
				CLANG_WARN_STRICT_PROTOTYPES = YES;
				CLANG_WARN_SUSPICIOUS_MOVE = YES;
				CLANG_WARN_UNGUARDED_AVAILABILITY = YES_AGGRESSIVE;
				CLANG_WARN_UNREACHABLE_CODE = YES;
				CLANG_WARN__DUPLICATE_METHOD_MATCH = YES;
				COPY_PHASE_STRIP = NO;
				DEBUG_INFORMATION_FORMAT = dwarf;
				ENABLE_STRICT_OBJC_MSGSEND = YES;
				ENABLE_TESTABILITY = YES;
				GCC_C_LANGUAGE_STANDARD = gnu11;
				GCC_DYNAMIC_NO_PIC = NO;
				GCC_NO_COMMON_BLOCKS = YES;
				GCC_OPTIMIZATION_LEVEL = 0;
				GCC_PREPROCESSOR_DEFINITIONS = (
					"DEBUG=1",
					"$(inherited)",
				);
				GCC_WARN_64_TO_32_BIT_CONVERSION = YES;
				GCC_WARN_ABOUT_RETURN_TYPE = YES_ERROR;
				GCC_WARN_UNDECLARED_SELECTOR = YES;
				GCC_WARN_UNINITIALIZED_AUTOS = YES_AGGRESSIVE;
				GCC_WARN_UNUSED_FUNCTION = YES;
				GCC_WARN_UNUSED_VARIABLE = YES;
				IPHONEOS_DEPLOYMENT_TARGET = 13.2;
				MTL_ENABLE_DEBUG_INFO = INCLUDE_SOURCE;
				MTL_FAST_MATH = YES;
				ONLY_ACTIVE_ARCH = YES;
				SDKROOT = iphoneos;
			};
			name = Debug;
		};
		52315E4C24725CE7001DB71A /* Release */ = {
			isa = XCBuildConfiguration;
			buildSettings = {
				ALWAYS_SEARCH_USER_PATHS = NO;
				CLANG_ANALYZER_NONNULL = YES;
				CLANG_ANALYZER_NUMBER_OBJECT_CONVERSION = YES_AGGRESSIVE;
				CLANG_CXX_LANGUAGE_STANDARD = "gnu++14";
				CLANG_CXX_LIBRARY = "libc++";
				CLANG_ENABLE_MODULES = YES;
				CLANG_ENABLE_OBJC_ARC = YES;
				CLANG_ENABLE_OBJC_WEAK = YES;
				CLANG_WARN_BLOCK_CAPTURE_AUTORELEASING = YES;
				CLANG_WARN_BOOL_CONVERSION = YES;
				CLANG_WARN_COMMA = YES;
				CLANG_WARN_CONSTANT_CONVERSION = YES;
				CLANG_WARN_DEPRECATED_OBJC_IMPLEMENTATIONS = YES;
				CLANG_WARN_DIRECT_OBJC_ISA_USAGE = YES_ERROR;
				CLANG_WARN_DOCUMENTATION_COMMENTS = YES;
				CLANG_WARN_EMPTY_BODY = YES;
				CLANG_WARN_ENUM_CONVERSION = YES;
				CLANG_WARN_INFINITE_RECURSION = YES;
				CLANG_WARN_INT_CONVERSION = YES;
				CLANG_WARN_NON_LITERAL_NULL_CONVERSION = YES;
				CLANG_WARN_OBJC_IMPLICIT_RETAIN_SELF = YES;
				CLANG_WARN_OBJC_LITERAL_CONVERSION = YES;
				CLANG_WARN_OBJC_ROOT_CLASS = YES_ERROR;
				CLANG_WARN_RANGE_LOOP_ANALYSIS = YES;
				CLANG_WARN_STRICT_PROTOTYPES = YES;
				CLANG_WARN_SUSPICIOUS_MOVE = YES;
				CLANG_WARN_UNGUARDED_AVAILABILITY = YES_AGGRESSIVE;
				CLANG_WARN_UNREACHABLE_CODE = YES;
				CLANG_WARN__DUPLICATE_METHOD_MATCH = YES;
				COPY_PHASE_STRIP = NO;
				DEBUG_INFORMATION_FORMAT = "dwarf-with-dsym";
				ENABLE_NS_ASSERTIONS = NO;
				ENABLE_STRICT_OBJC_MSGSEND = YES;
				GCC_C_LANGUAGE_STANDARD = gnu11;
				GCC_NO_COMMON_BLOCKS = YES;
				GCC_WARN_64_TO_32_BIT_CONVERSION = YES;
				GCC_WARN_ABOUT_RETURN_TYPE = YES_ERROR;
				GCC_WARN_UNDECLARED_SELECTOR = YES;
				GCC_WARN_UNINITIALIZED_AUTOS = YES_AGGRESSIVE;
				GCC_WARN_UNUSED_FUNCTION = YES;
				GCC_WARN_UNUSED_VARIABLE = YES;
				IPHONEOS_DEPLOYMENT_TARGET = 13.2;
				MTL_ENABLE_DEBUG_INFO = NO;
				MTL_FAST_MATH = YES;
				SDKROOT = iphoneos;
				VALIDATE_PRODUCT = YES;
			};
			name = Release;
		};
		52315E4E24725CE7001DB71A /* Debug */ = {
			isa = XCBuildConfiguration;
			baseConfigurationReference = BC83DF6EA98426DD4E4D95AF /* Pods-AnalyticsSDKDemo.debug.xcconfig */;
			buildSettings = {
				ASSETCATALOG_COMPILER_APPICON_NAME = AppIcon;
				CODE_SIGN_STYLE = Automatic;
				DEVELOPMENT_TEAM = 48Y2723L8Y;
				FRAMEWORK_SEARCH_PATHS = (
					"$(inherited)",
					"$(PROJECT_DIR)/AnalyticsSDKDemo/lib",
				);
				HEADER_SEARCH_PATHS = (
					"\"${PODS_ROOT}/Headers/Public/WCDBOptimizedSQLCipher\"",
					"\"${PODS_ROOT}/Headers/Public/WCDB\"",
					"\"${PODS_ROOT}/Headers/Public/SQLiteRepairKit\"",
					"\"${PODS_ROOT}/Headers/Public\"",
				);
				INFOPLIST_FILE = AnalyticsSDKDemo/Info.plist;
				LD_RUNPATH_SEARCH_PATHS = (
					"$(inherited)",
					"@executable_path/Frameworks",
				);
				OTHER_LDFLAGS = (
					"$(inherited)",
					"-ObjC",
					"-l\"SQLiteRepairKit\"",
					"-l\"WCDB\"",
					"-l\"WCDBOptimizedSQLCipher\"",
					"-l\"c++\"",
					"-l\"z\"",
					"-framework",
					"\"CoreFoundation\"",
					"-framework",
					"\"Foundation\"",
					"-framework",
					"\"Security\"",
					"-framework",
					"\"UIKit\"",
					"-all_load",
				);
				PRODUCT_BUNDLE_IDENTIFIER = com.zz.AnalyticsSDKDemo;
				PRODUCT_NAME = "$(TARGET_NAME)";
				TARGETED_DEVICE_FAMILY = "1,2";
			};
			name = Debug;
		};
		52315E4F24725CE7001DB71A /* Release */ = {
			isa = XCBuildConfiguration;
			baseConfigurationReference = 6EF93C9E0207E9B24B074B4F /* Pods-AnalyticsSDKDemo.release.xcconfig */;
			buildSettings = {
				ASSETCATALOG_COMPILER_APPICON_NAME = AppIcon;
				CODE_SIGN_STYLE = Automatic;
				DEVELOPMENT_TEAM = 48Y2723L8Y;
				FRAMEWORK_SEARCH_PATHS = (
					"$(inherited)",
					"$(PROJECT_DIR)/AnalyticsSDKDemo/lib",
				);
				HEADER_SEARCH_PATHS = (
					"\"${PODS_ROOT}/Headers/Public/WCDBOptimizedSQLCipher\"",
					"\"${PODS_ROOT}/Headers/Public/WCDB\"",
					"\"${PODS_ROOT}/Headers/Public/SQLiteRepairKit\"",
					"\"${PODS_ROOT}/Headers/Public\"",
				);
				INFOPLIST_FILE = AnalyticsSDKDemo/Info.plist;
				LD_RUNPATH_SEARCH_PATHS = (
					"$(inherited)",
					"@executable_path/Frameworks",
				);
				OTHER_LDFLAGS = (
					"$(inherited)",
					"-ObjC",
					"-l\"SQLiteRepairKit\"",
					"-l\"WCDB\"",
					"-l\"WCDBOptimizedSQLCipher\"",
					"-l\"c++\"",
					"-l\"z\"",
					"-framework",
					"\"CoreFoundation\"",
					"-framework",
					"\"Foundation\"",
					"-framework",
					"\"Security\"",
					"-framework",
					"\"UIKit\"",
					"-all_load",
				);
				PRODUCT_BUNDLE_IDENTIFIER = com.zz.AnalyticsSDKDemo;
				PRODUCT_NAME = "$(TARGET_NAME)";
				TARGETED_DEVICE_FAMILY = "1,2";
			};
			name = Release;
		};
		52315E5F24725CFE001DB71A /* Debug */ = {
			isa = XCBuildConfiguration;
			baseConfigurationReference = 3C7C64B823D3A944A8CA6A35 /* Pods-AnalyticsSDK.debug.xcconfig */;
			buildSettings = {
				CLANG_CXX_LANGUAGE_STANDARD = "c++14";
				CODE_SIGN_STYLE = Automatic;
				CURRENT_PROJECT_VERSION = 1;
				DEFINES_MODULE = YES;
				DEVELOPMENT_TEAM = 48Y2723L8Y;
				DYLIB_COMPATIBILITY_VERSION = 1;
				DYLIB_CURRENT_VERSION = 1;
				DYLIB_INSTALL_NAME_BASE = "@rpath";
				GCC_PREFIX_HEADER = "AnalyticsSDK/AnalyticsSDK-Prefix.pch";
				GCC_PREPROCESSOR_DEFINITIONS = (
					"DEBUG=1",
					"$(inherited)",
					"ANALYTICS_DEBUG=1",
				);
				HEADER_SEARCH_PATHS = (
					"\"${PODS_ROOT}/Headers/Public\"",
					"\"${PODS_ROOT}/Headers/Public/WCDB\"",
					"\"${PODS_ROOT}/Headers/Public/SQLiteRepairKit\"",
					"\"${PODS_ROOT}/Headers/Public/WCDBOptimizedSQLCipher\"",
				);
				INFOPLIST_FILE = AnalyticsSDK/Info.plist;
				INSTALL_PATH = "$(LOCAL_LIBRARY_DIR)/Frameworks";
				LD_RUNPATH_SEARCH_PATHS = (
					"$(inherited)",
					"@executable_path/Frameworks",
					"@loader_path/Frameworks",
				);
				OTHER_LDFLAGS = (
					"$(inherited)",
					"-ObjC",
					"-l\"SQLiteRepairKit\"",
					"-l\"WCDB\"",
					"-l\"WCDBOptimizedSQLCipher\"",
					"-l\"c++\"",
					"-l\"z\"",
					"-framework",
					"\"CoreFoundation\"",
					"-framework",
					"\"Foundation\"",
					"-framework",
					"\"Security\"",
					"-framework",
					"\"UIKit\"",
					"-all_load",
				);
				PODS_ROOT = "${SRCROOT}/Pods";
				PRODUCT_BUNDLE_IDENTIFIER = com.zz.AnalyticsSDK;
				PRODUCT_NAME = "$(TARGET_NAME:c99extidentifier)";
				SKIP_INSTALL = YES;
				SUPPORTS_MACCATALYST = NO;
				TARGETED_DEVICE_FAMILY = "1,2";
				VERSIONING_SYSTEM = "apple-generic";
				VERSION_INFO_PREFIX = "";
			};
			name = Debug;
		};
		52315E6024725CFE001DB71A /* Release */ = {
			isa = XCBuildConfiguration;
			baseConfigurationReference = 0BC31DEE6D1B25C457FDA025 /* Pods-AnalyticsSDK.release.xcconfig */;
			buildSettings = {
				CLANG_CXX_LANGUAGE_STANDARD = "c++14";
				CODE_SIGN_STYLE = Automatic;
				CURRENT_PROJECT_VERSION = 1;
				DEFINES_MODULE = YES;
				DEVELOPMENT_TEAM = 48Y2723L8Y;
				DYLIB_COMPATIBILITY_VERSION = 1;
				DYLIB_CURRENT_VERSION = 1;
				DYLIB_INSTALL_NAME_BASE = "@rpath";
				GCC_PREFIX_HEADER = "AnalyticsSDK/AnalyticsSDK-Prefix.pch";
				HEADER_SEARCH_PATHS = (
					"\"${PODS_ROOT}/Headers/Public\"",
					"\"${PODS_ROOT}/Headers/Public/WCDB\"",
					"\"${PODS_ROOT}/Headers/Public/SQLiteRepairKit\"",
					"\"${PODS_ROOT}/Headers/Public/WCDBOptimizedSQLCipher\"",
				);
				INFOPLIST_FILE = AnalyticsSDK/Info.plist;
				INSTALL_PATH = "$(LOCAL_LIBRARY_DIR)/Frameworks";
				LD_RUNPATH_SEARCH_PATHS = (
					"$(inherited)",
					"@executable_path/Frameworks",
					"@loader_path/Frameworks",
				);
				OTHER_LDFLAGS = (
					"$(inherited)",
					"-ObjC",
					"-l\"SQLiteRepairKit\"",
					"-l\"WCDB\"",
					"-l\"WCDBOptimizedSQLCipher\"",
					"-l\"c++\"",
					"-l\"z\"",
					"-framework",
					"\"CoreFoundation\"",
					"-framework",
					"\"Foundation\"",
					"-framework",
					"\"Security\"",
					"-framework",
					"\"UIKit\"",
					"-all_load",
				);
				PODS_ROOT = "${SRCROOT}/Pods";
				PRODUCT_BUNDLE_IDENTIFIER = com.zz.AnalyticsSDK;
				PRODUCT_NAME = "$(TARGET_NAME:c99extidentifier)";
				SKIP_INSTALL = YES;
				SUPPORTS_MACCATALYST = NO;
				TARGETED_DEVICE_FAMILY = "1,2";
				VERSIONING_SYSTEM = "apple-generic";
				VERSION_INFO_PREFIX = "";
			};
			name = Release;
		};
/* End XCBuildConfiguration section */

/* Begin XCConfigurationList section */
		52315E2F24725CE6001DB71A /* Build configuration list for PBXProject "AnalyticsSDKDemo" */ = {
			isa = XCConfigurationList;
			buildConfigurations = (
				52315E4B24725CE7001DB71A /* Debug */,
				52315E4C24725CE7001DB71A /* Release */,
			);
			defaultConfigurationIsVisible = 0;
			defaultConfigurationName = Release;
		};
		52315E4D24725CE7001DB71A /* Build configuration list for PBXNativeTarget "AnalyticsSDKDemo" */ = {
			isa = XCConfigurationList;
			buildConfigurations = (
				52315E4E24725CE7001DB71A /* Debug */,
				52315E4F24725CE7001DB71A /* Release */,
			);
			defaultConfigurationIsVisible = 0;
			defaultConfigurationName = Release;
		};
		52315E6124725CFE001DB71A /* Build configuration list for PBXNativeTarget "AnalyticsSDK" */ = {
			isa = XCConfigurationList;
			buildConfigurations = (
				52315E5F24725CFE001DB71A /* Debug */,
				52315E6024725CFE001DB71A /* Release */,
			);
			defaultConfigurationIsVisible = 0;
			defaultConfigurationName = Release;
		};
/* End XCConfigurationList section */
	};
	rootObject = 52315E2C24725CE6001DB71A /* Project object */;
}
