// !$*UTF8*$!
{
	archiveVersion = 1;
	classes = {
	};
	objectVersion = 50;
	objects = {

/* Begin PBXBuildFile section */
		52C21F2724800E950049240B /* AppDelegate.m in Sources */ = {isa = PBXBuildFile; fileRef = 52C21F2624800E950049240B /* AppDelegate.m */; };
		52C21F2A24800E950049240B /* SceneDelegate.m in Sources */ = {isa = PBXBuildFile; fileRef = 52C21F2924800E950049240B /* SceneDelegate.m */; };
		52C21F2D24800E950049240B /* ViewController.m in Sources */ = {isa = PBXBuildFile; fileRef = 52C21F2C24800E950049240B /* ViewController.m */; };
		52C21F3024800E950049240B /* Main.storyboard in Resources */ = {isa = PBXBuildFile; fileRef = 52C21F2E24800E950049240B /* Main.storyboard */; };
		52C21F3224800E970049240B /* Assets.xcassets in Resources */ = {isa = PBXBuildFile; fileRef = 52C21F3124800E970049240B /* Assets.xcassets */; };
		52C21F3524800E970049240B /* LaunchScreen.storyboard in Resources */ = {isa = PBXBuildFile; fileRef = 52C21F3324800E970049240B /* LaunchScreen.storyboard */; };
		52C21F3824800E970049240B /* main.m in Sources */ = {isa = PBXBuildFile; fileRef = 52C21F3724800E970049240B /* main.m */; };
		52C21F4024800EF50049240B /* AnalyticsSDK.framework in Frameworks */ = {isa = PBXBuildFile; fileRef = 52C21F3F24800EF40049240B /* AnalyticsSDK.framework */; };
		52C21F4324800F840049240B /* AdSupport.framework in Frameworks */ = {isa = PBXBuildFile; fileRef = 52C21F4224800F840049240B /* AdSupport.framework */; };
		52C21F4524800F8A0049240B /* CoreTelephony.framework in Frameworks */ = {isa = PBXBuildFile; fileRef = 52C21F4424800F8A0049240B /* CoreTelephony.framework */; };
		52C21F4724800F970049240B /* SystemConfiguration.framework in Frameworks */ = {isa = PBXBuildFile; fileRef = 52C21F4624800F970049240B /* SystemConfiguration.framework */; };
/* End PBXBuildFile section */

/* Begin PBXFileReference section */
		52C21F2224800E950049240B /* SDKFrameworkTest.app */ = {isa = PBXFileReference; explicitFileType = wrapper.application; includeInIndex = 0; path = SDKFrameworkTest.app; sourceTree = BUILT_PRODUCTS_DIR; };
		52C21F2524800E950049240B /* AppDelegate.h */ = {isa = PBXFileReference; lastKnownFileType = sourcecode.c.h; path = AppDelegate.h; sourceTree = "<group>"; };
		52C21F2624800E950049240B /* AppDelegate.m */ = {isa = PBXFileReference; lastKnownFileType = sourcecode.c.objc; path = AppDelegate.m; sourceTree = "<group>"; };
		52C21F2824800E950049240B /* SceneDelegate.h */ = {isa = PBXFileReference; lastKnownFileType = sourcecode.c.h; path = SceneDelegate.h; sourceTree = "<group>"; };
		52C21F2924800E950049240B /* SceneDelegate.m */ = {isa = PBXFileReference; lastKnownFileType = sourcecode.c.objc; path = SceneDelegate.m; sourceTree = "<group>"; };
		52C21F2B24800E950049240B /* ViewController.h */ = {isa = PBXFileReference; lastKnownFileType = sourcecode.c.h; path = ViewController.h; sourceTree = "<group>"; };
		52C21F2C24800E950049240B /* ViewController.m */ = {isa = PBXFileReference; lastKnownFileType = sourcecode.c.objc; path = ViewController.m; sourceTree = "<group>"; };
		52C21F2F24800E950049240B /* Base */ = {isa = PBXFileReference; lastKnownFileType = file.storyboard; name = Base; path = Base.lproj/Main.storyboard; sourceTree = "<group>"; };
		52C21F3124800E970049240B /* Assets.xcassets */ = {isa = PBXFileReference; lastKnownFileType = folder.assetcatalog; path = Assets.xcassets; sourceTree = "<group>"; };
		52C21F3424800E970049240B /* Base */ = {isa = PBXFileReference; lastKnownFileType = file.storyboard; name = Base; path = Base.lproj/LaunchScreen.storyboard; sourceTree = "<group>"; };
		52C21F3624800E970049240B /* Info.plist */ = {isa = PBXFileReference; lastKnownFileType = text.plist.xml; path = Info.plist; sourceTree = "<group>"; };
		52C21F3724800E970049240B /* main.m */ = {isa = PBXFileReference; lastKnownFileType = sourcecode.c.objc; path = main.m; sourceTree = "<group>"; };
		52C21F3F24800EF40049240B /* AnalyticsSDK.framework */ = {isa = PBXFileReference; lastKnownFileType = wrapper.framework; path = AnalyticsSDK.framework; sourceTree = "<group>"; };
		52C21F4224800F840049240B /* AdSupport.framework */ = {isa = PBXFileReference; lastKnownFileType = wrapper.framework; name = AdSupport.framework; path = System/Library/Frameworks/AdSupport.framework; sourceTree = SDKROOT; };
		52C21F4424800F8A0049240B /* CoreTelephony.framework */ = {isa = PBXFileReference; lastKnownFileType = wrapper.framework; name = CoreTelephony.framework; path = System/Library/Frameworks/CoreTelephony.framework; sourceTree = SDKROOT; };
		52C21F4624800F970049240B /* SystemConfiguration.framework */ = {isa = PBXFileReference; lastKnownFileType = wrapper.framework; name = SystemConfiguration.framework; path = System/Library/Frameworks/SystemConfiguration.framework; sourceTree = SDKROOT; };
/* End PBXFileReference section */

/* Begin PBXFrameworksBuildPhase section */
		52C21F1F24800E950049240B /* Frameworks */ = {
			isa = PBXFrameworksBuildPhase;
			buildActionMask = 2147483647;
			files = (
				52C21F4024800EF50049240B /* AnalyticsSDK.framework in Frameworks */,
				52C21F4524800F8A0049240B /* CoreTelephony.framework in Frameworks */,
				52C21F4724800F970049240B /* SystemConfiguration.framework in Frameworks */,
				52C21F4324800F840049240B /* AdSupport.framework in Frameworks */,
			);
			runOnlyForDeploymentPostprocessing = 0;
		};
/* End PBXFrameworksBuildPhase section */

/* Begin PBXGroup section */
		52C21F1924800E950049240B = {
			isa = PBXGroup;
			children = (
				52C21F3E24800EF40049240B /* lib */,
				52C21F2424800E950049240B /* SDKFrameworkTest */,
				52C21F2324800E950049240B /* Products */,
				52C21F4124800F840049240B /* Frameworks */,
			);
			sourceTree = "<group>";
		};
		52C21F2324800E950049240B /* Products */ = {
			isa = PBXGroup;
			children = (
				52C21F2224800E950049240B /* SDKFrameworkTest.app */,
			);
			name = Products;
			sourceTree = "<group>";
		};
		52C21F2424800E950049240B /* SDKFrameworkTest */ = {
			isa = PBXGroup;
			children = (
				52C21F2524800E950049240B /* AppDelegate.h */,
				52C21F2624800E950049240B /* AppDelegate.m */,
				52C21F2824800E950049240B /* SceneDelegate.h */,
				52C21F2924800E950049240B /* SceneDelegate.m */,
				52C21F2B24800E950049240B /* ViewController.h */,
				52C21F2C24800E950049240B /* ViewController.m */,
				52C21F2E24800E950049240B /* Main.storyboard */,
				52C21F3124800E970049240B /* Assets.xcassets */,
				52C21F3324800E970049240B /* LaunchScreen.storyboard */,
				52C21F3624800E970049240B /* Info.plist */,
				52C21F3724800E970049240B /* main.m */,
			);
			path = SDKFrameworkTest;
			sourceTree = "<group>";
		};
		52C21F3E24800EF40049240B /* lib */ = {
			isa = PBXGroup;
			children = (
				52C21F3F24800EF40049240B /* AnalyticsSDK.framework */,
			);
			path = lib;
			sourceTree = "<group>";
		};
		52C21F4124800F840049240B /* Frameworks */ = {
			isa = PBXGroup;
			children = (
				52C21F4624800F970049240B /* SystemConfiguration.framework */,
				52C21F4424800F8A0049240B /* CoreTelephony.framework */,
				52C21F4224800F840049240B /* AdSupport.framework */,
			);
			name = Frameworks;
			sourceTree = "<group>";
		};
/* End PBXGroup section */

/* Begin PBXNativeTarget section */
		52C21F2124800E950049240B /* SDKFrameworkTest */ = {
			isa = PBXNativeTarget;
			buildConfigurationList = 52C21F3B24800E970049240B /* Build configuration list for PBXNativeTarget "SDKFrameworkTest" */;
			buildPhases = (
				52C21F1E24800E950049240B /* Sources */,
				52C21F1F24800E950049240B /* Frameworks */,
				52C21F2024800E950049240B /* Resources */,
			);
			buildRules = (
			);
			dependencies = (
			);
			name = SDKFrameworkTest;
			productName = SDKFrameworkTest;
			productReference = 52C21F2224800E950049240B /* SDKFrameworkTest.app */;
			productType = "com.apple.product-type.application";
		};
/* End PBXNativeTarget section */

/* Begin PBXProject section */
		52C21F1A24800E950049240B /* Project object */ = {
			isa = PBXProject;
			attributes = {
				LastUpgradeCheck = 1130;
				ORGANIZATIONNAME = zz;
				TargetAttributes = {
					52C21F2124800E950049240B = {
						CreatedOnToolsVersion = 11.3.1;
					};
				};
			};
			buildConfigurationList = 52C21F1D24800E950049240B /* Build configuration list for PBXProject "SDKFrameworkTest" */;
			compatibilityVersion = "Xcode 9.3";
			developmentRegion = en;
			hasScannedForEncodings = 0;
			knownRegions = (
				en,
				Base,
			);
			mainGroup = 52C21F1924800E950049240B;
			productRefGroup = 52C21F2324800E950049240B /* Products */;
			projectDirPath = "";
			projectRoot = "";
			targets = (
				52C21F2124800E950049240B /* SDKFrameworkTest */,
			);
		};
/* End PBXProject section */

/* Begin PBXResourcesBuildPhase section */
		52C21F2024800E950049240B /* Resources */ = {
			isa = PBXResourcesBuildPhase;
			buildActionMask = 2147483647;
			files = (
				52C21F3524800E970049240B /* LaunchScreen.storyboard in Resources */,
				52C21F3224800E970049240B /* Assets.xcassets in Resources */,
				52C21F3024800E950049240B /* Main.storyboard in Resources */,
			);
			runOnlyForDeploymentPostprocessing = 0;
		};
/* End PBXResourcesBuildPhase section */

/* Begin PBXSourcesBuildPhase section */
		52C21F1E24800E950049240B /* Sources */ = {
			isa = PBXSourcesBuildPhase;
			buildActionMask = 2147483647;
			files = (
				52C21F2D24800E950049240B /* ViewController.m in Sources */,
				52C21F2724800E950049240B /* AppDelegate.m in Sources */,
				52C21F3824800E970049240B /* main.m in Sources */,
				52C21F2A24800E950049240B /* SceneDelegate.m in Sources */,
			);
			runOnlyForDeploymentPostprocessing = 0;
		};
/* End PBXSourcesBuildPhase section */

/* Begin PBXVariantGroup section */
		52C21F2E24800E950049240B /* Main.storyboard */ = {
			isa = PBXVariantGroup;
			children = (
				52C21F2F24800E950049240B /* Base */,
			);
			name = Main.storyboard;
			sourceTree = "<group>";
		};
		52C21F3324800E970049240B /* LaunchScreen.storyboard */ = {
			isa = PBXVariantGroup;
			children = (
				52C21F3424800E970049240B /* Base */,
			);
			name = LaunchScreen.storyboard;
			sourceTree = "<group>";
		};
/* End PBXVariantGroup section */

/* Begin XCBuildConfiguration section */
		52C21F3924800E970049240B /* Debug */ = {
			isa = XCBuildConfiguration;
			buildSettings = {
				ALWAYS_SEARCH_USER_PATHS = NO;
				CLANG_ANALYZER_NONNULL = YES;
				CLANG_ANALYZER_NUMBER_OBJECT_CONVERSION = YES_AGGRESSIVE;
				CLANG_CXX_LANGUAGE_STANDARD = "gnu++14";
				CLANG_CXX_LIBRARY = "libc++";
				CLANG_ENABLE_MODULES = YES;
				CLANG_ENABLE_OBJC_ARC = YES;
				CLANG_ENABLE_OBJC_WEAK = YES;
				CLANG_WARN_BLOCK_CAPTURE_AUTORELEASING = YES;
				CLANG_WARN_BOOL_CONVERSION = YES;
				CLANG_WARN_COMMA = YES;
				CLANG_WARN_CONSTANT_CONVERSION = YES;
				CLANG_WARN_DEPRECATED_OBJC_IMPLEMENTATIONS = YES;
				CLANG_WARN_DIRECT_OBJC_ISA_USAGE = YES_ERROR;
				CLANG_WARN_DOCUMENTATION_COMMENTS = YES;
				CLANG_WARN_EMPTY_BODY = YES;
				CLANG_WARN_ENUM_CONVERSION = YES;
				CLANG_WARN_INFINITE_RECURSION = YES;
				CLANG_WARN_INT_CONVERSION = YES;
				CLANG_WARN_NON_LITERAL_NULL_CONVERSION = YES;
				CLANG_WARN_OBJC_IMPLICIT_RETAIN_SELF = YES;
				CLANG_WARN_OBJC_LITERAL_CONVERSION = YES;
				CLANG_WARN_OBJC_ROOT_CLASS = YES_ERROR;
				CLANG_WARN_RANGE_LOOP_ANALYSIS = YES;
				CLANG_WARN_STRICT_PROTOTYPES = YES;
				CLANG_WARN_SUSPICIOUS_MOVE = YES;
				CLANG_WARN_UNGUARDED_AVAILABILITY = YES_AGGRESSIVE;
				CLANG_WARN_UNREACHABLE_CODE = YES;
				CLANG_WARN__DUPLICATE_METHOD_MATCH = YES;
				COPY_PHASE_STRIP = NO;
				DEBUG_INFORMATION_FORMAT = dwarf;
				ENABLE_STRICT_OBJC_MSGSEND = YES;
				ENABLE_TESTABILITY = YES;
				GCC_C_LANGUAGE_STANDARD = gnu11;
				GCC_DYNAMIC_NO_PIC = NO;
				GCC_NO_COMMON_BLOCKS = YES;
				GCC_OPTIMIZATION_LEVEL = 0;
				GCC_PREPROCESSOR_DEFINITIONS = (
					"DEBUG=1",
					"$(inherited)",
				);
				GCC_WARN_64_TO_32_BIT_CONVERSION = YES;
				GCC_WARN_ABOUT_RETURN_TYPE = YES_ERROR;
				GCC_WARN_UNDECLARED_SELECTOR = YES;
				GCC_WARN_UNINITIALIZED_AUTOS = YES_AGGRESSIVE;
				GCC_WARN_UNUSED_FUNCTION = YES;
				GCC_WARN_UNUSED_VARIABLE = YES;
				IPHONEOS_DEPLOYMENT_TARGET = 13.2;
				MTL_ENABLE_DEBUG_INFO = INCLUDE_SOURCE;
				MTL_FAST_MATH = YES;
				ONLY_ACTIVE_ARCH = YES;
				SDKROOT = iphoneos;
			};
			name = Debug;
		};
		52C21F3A24800E970049240B /* Release */ = {
			isa = XCBuildConfiguration;
			buildSettings = {
				ALWAYS_SEARCH_USER_PATHS = NO;
				CLANG_ANALYZER_NONNULL = YES;
				CLANG_ANALYZER_NUMBER_OBJECT_CONVERSION = YES_AGGRESSIVE;
				CLANG_CXX_LANGUAGE_STANDARD = "gnu++14";
				CLANG_CXX_LIBRARY = "libc++";
				CLANG_ENABLE_MODULES = YES;
				CLANG_ENABLE_OBJC_ARC = YES;
				CLANG_ENABLE_OBJC_WEAK = YES;
				CLANG_WARN_BLOCK_CAPTURE_AUTORELEASING = YES;
				CLANG_WARN_BOOL_CONVERSION = YES;
				CLANG_WARN_COMMA = YES;
				CLANG_WARN_CONSTANT_CONVERSION = YES;
				CLANG_WARN_DEPRECATED_OBJC_IMPLEMENTATIONS = YES;
				CLANG_WARN_DIRECT_OBJC_ISA_USAGE = YES_ERROR;
				CLANG_WARN_DOCUMENTATION_COMMENTS = YES;
				CLANG_WARN_EMPTY_BODY = YES;
				CLANG_WARN_ENUM_CONVERSION = YES;
				CLANG_WARN_INFINITE_RECURSION = YES;
				CLANG_WARN_INT_CONVERSION = YES;
				CLANG_WARN_NON_LITERAL_NULL_CONVERSION = YES;
				CLANG_WARN_OBJC_IMPLICIT_RETAIN_SELF = YES;
				CLANG_WARN_OBJC_LITERAL_CONVERSION = YES;
				CLANG_WARN_OBJC_ROOT_CLASS = YES_ERROR;
				CLANG_WARN_RANGE_LOOP_ANALYSIS = YES;
				CLANG_WARN_STRICT_PROTOTYPES = YES;
				CLANG_WARN_SUSPICIOUS_MOVE = YES;
				CLANG_WARN_UNGUARDED_AVAILABILITY = YES_AGGRESSIVE;
				CLANG_WARN_UNREACHABLE_CODE = YES;
				CLANG_WARN__DUPLICATE_METHOD_MATCH = YES;
				COPY_PHASE_STRIP = NO;
				DEBUG_INFORMATION_FORMAT = "dwarf-with-dsym";
				ENABLE_NS_ASSERTIONS = NO;
				ENABLE_STRICT_OBJC_MSGSEND = YES;
				GCC_C_LANGUAGE_STANDARD = gnu11;
				GCC_NO_COMMON_BLOCKS = YES;
				GCC_WARN_64_TO_32_BIT_CONVERSION = YES;
				GCC_WARN_ABOUT_RETURN_TYPE = YES_ERROR;
				GCC_WARN_UNDECLARED_SELECTOR = YES;
				GCC_WARN_UNINITIALIZED_AUTOS = YES_AGGRESSIVE;
				GCC_WARN_UNUSED_FUNCTION = YES;
				GCC_WARN_UNUSED_VARIABLE = YES;
				IPHONEOS_DEPLOYMENT_TARGET = 13.2;
				MTL_ENABLE_DEBUG_INFO = NO;
				MTL_FAST_MATH = YES;
				SDKROOT = iphoneos;
				VALIDATE_PRODUCT = YES;
			};
			name = Release;
		};
		52C21F3C24800E970049240B /* Debug */ = {
			isa = XCBuildConfiguration;
			buildSettings = {
				ASSETCATALOG_COMPILER_APPICON_NAME = AppIcon;
				CODE_SIGN_STYLE = Automatic;
				DEVELOPMENT_TEAM = 48Y2723L8Y;
				FRAMEWORK_SEARCH_PATHS = (
					"$(inherited)",
					"$(PROJECT_DIR)/lib",
				);
				INFOPLIST_FILE = SDKFrameworkTest/Info.plist;
				LD_RUNPATH_SEARCH_PATHS = (
					"$(inherited)",
					"@executable_path/Frameworks",
				);
				OTHER_LDFLAGS = "-ObjC";
				PRODUCT_BUNDLE_IDENTIFIER = com.zz.SDKFrameworkTest;
				PRODUCT_NAME = "$(TARGET_NAME)";
				TARGETED_DEVICE_FAMILY = "1,2";
			};
			name = Debug;
		};
		52C21F3D24800E970049240B /* Release */ = {
			isa = XCBuildConfiguration;
			buildSettings = {
				ASSETCATALOG_COMPILER_APPICON_NAME = AppIcon;
				CODE_SIGN_STYLE = Automatic;
				DEVELOPMENT_TEAM = 48Y2723L8Y;
				FRAMEWORK_SEARCH_PATHS = (
					"$(inherited)",
					"$(PROJECT_DIR)/lib",
				);
				INFOPLIST_FILE = SDKFrameworkTest/Info.plist;
				LD_RUNPATH_SEARCH_PATHS = (
					"$(inherited)",
					"@executable_path/Frameworks",
				);
				OTHER_LDFLAGS = "-ObjC";
				PRODUCT_BUNDLE_IDENTIFIER = com.zz.SDKFrameworkTest;
				PRODUCT_NAME = "$(TARGET_NAME)";
				TARGETED_DEVICE_FAMILY = "1,2";
			};
			name = Release;
		};
/* End XCBuildConfiguration section */

/* Begin XCConfigurationList section */
		52C21F1D24800E950049240B /* Build configuration list for PBXProject "SDKFrameworkTest" */ = {
			isa = XCConfigurationList;
			buildConfigurations = (
				52C21F3924800E970049240B /* Debug */,
				52C21F3A24800E970049240B /* Release */,
			);
			defaultConfigurationIsVisible = 0;
			defaultConfigurationName = Release;
		};
		52C21F3B24800E970049240B /* Build configuration list for PBXNativeTarget "SDKFrameworkTest" */ = {
			isa = XCConfigurationList;
			buildConfigurations = (
				52C21F3C24800E970049240B /* Debug */,
				52C21F3D24800E970049240B /* Release */,
			);
			defaultConfigurationIsVisible = 0;
			defaultConfigurationName = Release;
		};
/* End XCConfigurationList section */
	};
	rootObject = 52C21F1A24800E950049240B /* Project object */;
}
